lockfileVersion: 5.4

specifiers:
  images: ^3.2.4
  pngjs: ^7.0.0

dependencies:
  images: registry.npmjs.org/images/3.2.4
  pngjs: registry.npmjs.org/pngjs/7.0.0

packages:

  registry.npmjs.org/images/3.2.4:
    resolution: {integrity: sha512-Uq61/Q8XixCRyKvws7tPwboK0O70Dbr4kMQZHw2dqdEhnU6TpaGwyMg0vzQ4aaGtrO9N3etq46XwF7hxbqp8ug==, registry: https://npmreg.proxy.ustclug.org/, tarball: https://registry.npmjs.org/images/-/images-3.2.4.tgz}
    name: images
    version: 3.2.4
    requiresBuild: true
    dev: false

  registry.npmjs.org/pngjs/7.0.0:
    resolution: {integrity: sha512-LKWqWJRhstyYo9pGvgor/ivk2w94eSjE3RGVuzLGlr3NmD8bf7RcYGze1mNdEHRP6TRP6rMuDHk5t44hnTRyow==, registry: https://npmreg.proxy.ustclug.org/, tarball: https://registry.npmjs.org/pngjs/-/pngjs-7.0.0.tgz}
    name: pngjs
    version: 7.0.0
    engines: {node: '>=14.19.0'}
    dev: false
